
Microsoft Visual Studio Solution File, Format Version 11.00
# Visual Studio 2010
Project("{FAE04EC0-301F-11D3-BF4B-00C04F79EFBC}") = "GameAssembly", "GameAssembly.csproj", "{a67f3570-bed3-9f29-3e6b-d74850a4cca9}"
EndProject
Project("{FAE04EC0-301F-11D3-BF4B-00C04F79EFBC}") = "Tests", "Tests.csproj", "{aa98421c-4c45-7ab6-a983-fe925c17f914}"
EndProject
Project("{FAE04EC0-301F-11D3-BF4B-00C04F79EFBC}") = "Assembly-CSharp-Editor", "Assembly-CSharp-Editor.csproj", "{e3a64c7a-de0c-4aea-bc5a-eff263d802b1}"
EndProject
Global
	GlobalSection(SolutionConfigurationPlatforms) = preSolution
		Debug|Any CPU = Debug|Any CPU
		Release|Any CPU = Release|Any CPU
	EndGlobalSection
	GlobalSection(ProjectConfigurationPlatforms) = postSolution
		{a67f3570-bed3-9f29-3e6b-d74850a4cca9}.Debug|Any CPU.ActiveCfg = Debug|Any CPU
		{a67f3570-bed3-9f29-3e6b-d74850a4cca9}.Debug|Any CPU.Build.0 = Debug|Any CPU
		{a67f3570-bed3-9f29-3e6b-d74850a4cca9}.Release|Any CPU.ActiveCfg = Release|Any CPU
		{a67f3570-bed3-9f29-3e6b-d74850a4cca9}.Release|Any CPU.Build.0 = Release|Any CPU
		{aa98421c-4c45-7ab6-a983-fe925c17f914}.Debug|Any CPU.ActiveCfg = Debug|Any CPU
		{aa98421c-4c45-7ab6-a983-fe925c17f914}.Debug|Any CPU.Build.0 = Debug|Any CPU
		{aa98421c-4c45-7ab6-a983-fe925c17f914}.Release|Any CPU.ActiveCfg = Release|Any CPU
		{aa98421c-4c45-7ab6-a983-fe925c17f914}.Release|Any CPU.Build.0 = Release|Any CPU
		{e3a64c7a-de0c-4aea-bc5a-eff263d802b1}.Debug|Any CPU.ActiveCfg = Debug|Any CPU
		{e3a64c7a-de0c-4aea-bc5a-eff263d802b1}.Debug|Any CPU.Build.0 = Debug|Any CPU
		{e3a64c7a-de0c-4aea-bc5a-eff263d802b1}.Release|Any CPU.ActiveCfg = Release|Any CPU
		{e3a64c7a-de0c-4aea-bc5a-eff263d802b1}.Release|Any CPU.Build.0 = Release|Any CPU
	EndGlobalSection
	GlobalSection(SolutionProperties) = preSolution
		HideSolutionNode = FALSE
	EndGlobalSection
EndGlobal
